
Microsoft Visual Studio Solution File, Format Version 12.00
# Visual Studio Version 16
VisualStudioVersion = 16.0.29920.165
MinimumVisualStudioVersion = 10.0.40219.1
Project("{FAE04EC0-301F-11D3-BF4B-00C04F79EFBC}") = "BlueSkyTravel", "BlueSkyTravel\BlueSkyTravel.csproj", "{F49036E9-2506-49CA-AB42-6B013197A86B}"
EndProject
Project("{FAE04EC0-301F-11D3-BF4B-00C04F79EFBC}") = "BlueSkyTravel.Tests", "BlueSkyTravel.Tests\BlueSkyTravel.Tests.csproj", "{2C9BE608-578E-4CBC-81DC-CDEF7479BB43}"
EndProject
Global
	GlobalSection(SolutionConfigurationPlatforms) = preSolution
		Debug|Any CPU = Debug|Any CPU
		Release|Any CPU = Release|Any CPU
	EndGlobalSection
	GlobalSection(ProjectConfigurationPlatforms) = postSolution
		{F49036E9-2506-49CA-AB42-6B013197A86B}.Debug|Any CPU.ActiveCfg = Debug|Any CPU
		{F49036E9-2506-49CA-AB42-6B013197A86B}.Debug|Any CPU.Build.0 = Debug|Any CPU
		{F49036E9-2506-49CA-AB42-6B013197A86B}.Release|Any CPU.ActiveCfg = Release|Any CPU
		{F49036E9-2506-49CA-AB42-6B013197A86B}.Release|Any CPU.Build.0 = Release|Any CPU
		{2C9BE608-578E-4CBC-81DC-CDEF7479BB43}.Debug|Any CPU.ActiveCfg = Debug|Any CPU
		{2C9BE608-578E-4CBC-81DC-CDEF7479BB43}.Debug|Any CPU.Build.0 = Debug|Any CPU
		{2C9BE608-578E-4CBC-81DC-CDEF7479BB43}.Release|Any CPU.ActiveCfg = Release|Any CPU
		{2C9BE608-578E-4CBC-81DC-CDEF7479BB43}.Release|Any CPU.Build.0 = Release|Any CPU
	EndGlobalSection
	GlobalSection(SolutionProperties) = preSolution
		HideSolutionNode = FALSE
	EndGlobalSection
	GlobalSection(ExtensibilityGlobals) = postSolution
		SolutionGuid = {A72C94D2-FCDE-4670-8BA4-960600F45DB0}
	EndGlobalSection
EndGlobal
